// !$*UTF8*$!
{
	archiveVersion = 1;
	classes = {
	};
	objectVersion = 46;
	objects = {

/* Begin PBXBuildFile section */
		6B2B95451F5D4B2A00A16EFF /* AppDelegate.swift in Sources */ = {isa = PBXBuildFile; fileRef = 6B2B95441F5D4B2A00A16EFF /* AppDelegate.swift */; };
		6B2B95471F5D4B2A00A16EFF /* ViewController.swift in Sources */ = {isa = PBXBuildFile; fileRef = 6B2B95461F5D4B2A00A16EFF /* ViewController.swift */; };
		6B2B954A1F5D4B2A00A16EFF /* Main.storyboard in Resources */ = {isa = PBXBuildFile; fileRef = 6B2B95481F5D4B2A00A16EFF /* Main.storyboard */; };
		6B2B954C1F5D4B2A00A16EFF /* Assets.xcassets in Resources */ = {isa = PBXBuildFile; fileRef = 6B2B954B1F5D4B2A00A16EFF /* Assets.xcassets */; };
		6B2B954F1F5D4B2A00A16EFF /* LaunchScreen.storyboard in Resources */ = {isa = PBXBuildFile; fileRef = 6B2B954D1F5D4B2A00A16EFF /* LaunchScreen.storyboard */; };
		6B2B955A1F5D4B2A00A16EFF /* rumiTests.swift in Sources */ = {isa = PBXBuildFile; fileRef = 6B2B95591F5D4B2A00A16EFF /* rumiTests.swift */; };
		6B2B95651F5D4B2A00A16EFF /* rumiUITests.swift in Sources */ = {isa = PBXBuildFile; fileRef = 6B2B95641F5D4B2A00A16EFF /* rumiUITests.swift */; };
/* End PBXBuildFile section */

/* Begin PBXContainerItemProxy section */
		6B2B95561F5D4B2A00A16EFF /* PBXContainerItemProxy */ = {
			isa = PBXContainerItemProxy;
			containerPortal = 6B2B95391F5D4B2A00A16EFF /* Project object */;
			proxyType = 1;
			remoteGlobalIDString = 6B2B95401F5D4B2A00A16EFF;
			remoteInfo = rumi;
		};
		6B2B95611F5D4B2A00A16EFF /* PBXContainerItemProxy */ = {
			isa = PBXContainerItemProxy;
			containerPortal = 6B2B95391F5D4B2A00A16EFF /* Project object */;
			proxyType = 1;
			remoteGlobalIDString = 6B2B95401F5D4B2A00A16EFF;
			remoteInfo = rumi;
		};
/* End PBXContainerItemProxy section */

/* Begin PBXFileReference section */
		6B2B95411F5D4B2A00A16EFF /* rumi.app */ = {isa = PBXFileReference; explicitFileType = wrapper.application; includeInIndex = 0; path = rumi.app; sourceTree = BUILT_PRODUCTS_DIR; };
		6B2B95441F5D4B2A00A16EFF /* AppDelegate.swift */ = {isa = PBXFileReference; lastKnownFileType = sourcecode.swift; path = AppDelegate.swift; sourceTree = "<group>"; };
		6B2B95461F5D4B2A00A16EFF /* ViewController.swift */ = {isa = PBXFileReference; lastKnownFileType = sourcecode.swift; path = ViewController.swift; sourceTree = "<group>"; };
		6B2B95491F5D4B2A00A16EFF /* Base */ = {isa = PBXFileReference; lastKnownFileType = file.storyboard; name = Base; path = Base.lproj/Main.storyboard; sourceTree = "<group>"; };
		6B2B954B1F5D4B2A00A16EFF /* Assets.xcassets */ = {isa = PBXFileReference; lastKnownFileType = folder.assetcatalog; path = Assets.xcassets; sourceTree = "<group>"; };
		6B2B954E1F5D4B2A00A16EFF /* Base */ = {isa = PBXFileReference; lastKnownFileType = file.storyboard; name = Base; path = Base.lproj/LaunchScreen.storyboard; sourceTree = "<group>"; };
		6B2B95501F5D4B2A00A16EFF /* Info.plist */ = {isa = PBXFileReference; lastKnownFileType = text.plist.xml; path = Info.plist; sourceTree = "<group>"; };
		6B2B95551F5D4B2A00A16EFF /* rumiTests.xctest */ = {isa = PBXFileReference; explicitFileType = wrapper.cfbundle; includeInIndex = 0; path = rumiTests.xctest; sourceTree = BUILT_PRODUCTS_DIR; };
		6B2B95591F5D4B2A00A16EFF /* rumiTests.swift */ = {isa = PBXFileReference; lastKnownFileType = sourcecode.swift; path = rumiTests.swift; sourceTree = "<group>"; };
		6B2B955B1F5D4B2A00A16EFF /* Info.plist */ = {isa = PBXFileReference; lastKnownFileType = text.plist.xml; path = Info.plist; sourceTree = "<group>"; };
		6B2B95601F5D4B2A00A16EFF /* rumiUITests.xctest */ = {isa = PBXFileReference; explicitFileType = wrapper.cfbundle; includeInIndex = 0; path = rumiUITests.xctest; sourceTree = BUILT_PRODUCTS_DIR; };
		6B2B95641F5D4B2A00A16EFF /* rumiUITests.swift */ = {isa = PBXFileReference; lastKnownFileType = sourcecode.swift; path = rumiUITests.swift; sourceTree = "<group>"; };
		6B2B95661F5D4B2A00A16EFF /* Info.plist */ = {isa = PBXFileReference; lastKnownFileType = text.plist.xml; path = Info.plist; sourceTree = "<group>"; };
/* End PBXFileReference section */

/* Begin PBXFrameworksBuildPhase section */
		6B2B953E1F5D4B2A00A16EFF /* Frameworks */ = {
			isa = PBXFrameworksBuildPhase;
			buildActionMask = 2147483647;
			files = (
			);
			runOnlyForDeploymentPostprocessing = 0;
		};
		6B2B95521F5D4B2A00A16EFF /* Frameworks */ = {
			isa = PBXFrameworksBuildPhase;
			buildActionMask = 2147483647;
			files = (
			);
			runOnlyForDeploymentPostprocessing = 0;
		};
		6B2B955D1F5D4B2A00A16EFF /* Frameworks */ = {
			isa = PBXFrameworksBuildPhase;
			buildActionMask = 2147483647;
			files = (
			);
			runOnlyForDeploymentPostprocessing = 0;
		};
/* End PBXFrameworksBuildPhase section */

/* Begin PBXGroup section */
		6B2B95381F5D4B2A00A16EFF = {
			isa = PBXGroup;
			children = (
				6B2B95431F5D4B2A00A16EFF /* rumi */,
				6B2B95581F5D4B2A00A16EFF /* rumiTests */,
				6B2B95631F5D4B2A00A16EFF /* rumiUITests */,
				6B2B95421F5D4B2A00A16EFF /* Products */,
			);
			sourceTree = "<group>";
		};
		6B2B95421F5D4B2A00A16EFF /* Products */ = {
			isa = PBXGroup;
			children = (
				6B2B95411F5D4B2A00A16EFF /* rumi.app */,
				6B2B95551F5D4B2A00A16EFF /* rumiTests.xctest */,
				6B2B95601F5D4B2A00A16EFF /* rumiUITests.xctest */,
			);
			name = Products;
			sourceTree = "<group>";
		};
		6B2B95431F5D4B2A00A16EFF /* rumi */ = {
			isa = PBXGroup;
			children = (
				6B2B95441F5D4B2A00A16EFF /* AppDelegate.swift */,
				6B2B95461F5D4B2A00A16EFF /* ViewController.swift */,
				6B2B95481F5D4B2A00A16EFF /* Main.storyboard */,
				6B2B954B1F5D4B2A00A16EFF /* Assets.xcassets */,
				6B2B954D1F5D4B2A00A16EFF /* LaunchScreen.storyboard */,
				6B2B95501F5D4B2A00A16EFF /* Info.plist */,
			);
			path = rumi;
			sourceTree = "<group>";
		};
		6B2B95581F5D4B2A00A16EFF /* rumiTests */ = {
			isa = PBXGroup;
			children = (
				6B2B95591F5D4B2A00A16EFF /* rumiTests.swift */,
				6B2B955B1F5D4B2A00A16EFF /* Info.plist */,
			);
			path = rumiTests;
			sourceTree = "<group>";
		};
		6B2B95631F5D4B2A00A16EFF /* rumiUITests */ = {
			isa = PBXGroup;
			children = (
				6B2B95641F5D4B2A00A16EFF /* rumiUITests.swift */,
				6B2B95661F5D4B2A00A16EFF /* Info.plist */,
			);
			path = rumiUITests;
			sourceTree = "<group>";
		};
/* End PBXGroup section */

/* Begin PBXNativeTarget section */
		6B2B95401F5D4B2A00A16EFF /* rumi */ = {
			isa = PBXNativeTarget;
			buildConfigurationList = 6B2B95691F5D4B2A00A16EFF /* Build configuration list for PBXNativeTarget "rumi" */;
			buildPhases = (
				6B2B953D1F5D4B2A00A16EFF /* Sources */,
				6B2B953E1F5D4B2A00A16EFF /* Frameworks */,
				6B2B953F1F5D4B2A00A16EFF /* Resources */,
			);
			buildRules = (
			);
			dependencies = (
			);
			name = rumi;
			productName = rumi;
			productReference = 6B2B95411F5D4B2A00A16EFF /* rumi.app */;
			productType = "com.apple.product-type.application";
		};
		6B2B95541F5D4B2A00A16EFF /* rumiTests */ = {
			isa = PBXNativeTarget;
			buildConfigurationList = 6B2B956C1F5D4B2A00A16EFF /* Build configuration list for PBXNativeTarget "rumiTests" */;
			buildPhases = (
				6B2B95511F5D4B2A00A16EFF /* Sources */,
				6B2B95521F5D4B2A00A16EFF /* Frameworks */,
				6B2B95531F5D4B2A00A16EFF /* Resources */,
			);
			buildRules = (
			);
			dependencies = (
				6B2B95571F5D4B2A00A16EFF /* PBXTargetDependency */,
			);
			name = rumiTests;
			productName = rumiTests;
			productReference = 6B2B95551F5D4B2A00A16EFF /* rumiTests.xctest */;
			productType = "com.apple.product-type.bundle.unit-test";
		};
		6B2B955F1F5D4B2A00A16EFF /* rumiUITests */ = {
			isa = PBXNativeTarget;
			buildConfigurationList = 6B2B956F1F5D4B2A00A16EFF /* Build configuration list for PBXNativeTarget "rumiUITests" */;
			buildPhases = (
				6B2B955C1F5D4B2A00A16EFF /* Sources */,
				6B2B955D1F5D4B2A00A16EFF /* Frameworks */,
				6B2B955E1F5D4B2A00A16EFF /* Resources */,
			);
			buildRules = (
			);
			dependencies = (
				6B2B95621F5D4B2A00A16EFF /* PBXTargetDependency */,
			);
			name = rumiUITests;
			productName = rumiUITests;
			productReference = 6B2B95601F5D4B2A00A16EFF /* rumiUITests.xctest */;
			productType = "com.apple.product-type.bundle.ui-testing";
		};
/* End PBXNativeTarget section */

/* Begin PBXProject section */
		6B2B95391F5D4B2A00A16EFF /* Project object */ = {
			isa = PBXProject;
			attributes = {
				LastSwiftUpdateCheck = 0820;
				LastUpgradeCheck = 0820;
				ORGANIZATIONNAME = "Saravanan R";
				TargetAttributes = {
					6B2B95401F5D4B2A00A16EFF = {
						CreatedOnToolsVersion = 8.2.1;
						ProvisioningStyle = Automatic;
					};
					6B2B95541F5D4B2A00A16EFF = {
						CreatedOnToolsVersion = 8.2.1;
						ProvisioningStyle = Automatic;
						TestTargetID = 6B2B95401F5D4B2A00A16EFF;
					};
					6B2B955F1F5D4B2A00A16EFF = {
						CreatedOnToolsVersion = 8.2.1;
						ProvisioningStyle = Automatic;
						TestTargetID = 6B2B95401F5D4B2A00A16EFF;
					};
				};
			};
			buildConfigurationList = 6B2B953C1F5D4B2A00A16EFF /* Build configuration list for PBXProject "rumi" */;
			compatibilityVersion = "Xcode 3.2";
			developmentRegion = English;
			hasScannedForEncodings = 0;
			knownRegions = (
				en,
				Base,
			);
			mainGroup = 6B2B95381F5D4B2A00A16EFF;
			productRefGroup = 6B2B95421F5D4B2A00A16EFF /* Products */;
			projectDirPath = "";
			projectRoot = "";
			targets = (
				6B2B95401F5D4B2A00A16EFF /* rumi */,
				6B2B95541F5D4B2A00A16EFF /* rumiTests */,
				6B2B955F1F5D4B2A00A16EFF /* rumiUITests */,
			);
		};
/* End PBXProject section */

/* Begin PBXResourcesBuildPhase section */
		6B2B953F1F5D4B2A00A16EFF /* Resources */ = {
			isa = PBXResourcesBuildPhase;
			buildActionMask = 2147483647;
			files = (
				6B2B954F1F5D4B2A00A16EFF /* LaunchScreen.storyboard in Resources */,
				6B2B954C1F5D4B2A00A16EFF /* Assets.xcassets in Resources */,
				6B2B954A1F5D4B2A00A16EFF /* Main.storyboard in Resources */,
			);
			runOnlyForDeploymentPostprocessing = 0;
		};
		6B2B95531F5D4B2A00A16EFF /* Resources */ = {
			isa = PBXResourcesBuildPhase;
			buildActionMask = 2147483647;
			files = (
			);
			runOnlyForDeploymentPostprocessing = 0;
		};
		6B2B955E1F5D4B2A00A16EFF /* Resources */ = {
			isa = PBXResourcesBuildPhase;
			buildActionMask = 2147483647;
			files = (
			);
			runOnlyForDeploymentPostprocessing = 0;
		};
/* End PBXResourcesBuildPhase section */

/* Begin PBXSourcesBuildPhase section */
		6B2B953D1F5D4B2A00A16EFF /* Sources */ = {
			isa = PBXSourcesBuildPhase;
			buildActionMask = 2147483647;
			files = (
				6B2B95471F5D4B2A00A16EFF /* ViewController.swift in Sources */,
				6B2B95451F5D4B2A00A16EFF /* AppDelegate.swift in Sources */,
			);
			runOnlyForDeploymentPostprocessing = 0;
		};
		6B2B95511F5D4B2A00A16EFF /* Sources */ = {
			isa = PBXSourcesBuildPhase;
			buildActionMask = 2147483647;
			files = (
				6B2B955A1F5D4B2A00A16EFF /* rumiTests.swift in Sources */,
			);
			runOnlyForDeploymentPostprocessing = 0;
		};
		6B2B955C1F5D4B2A00A16EFF /* Sources */ = {
			isa = PBXSourcesBuildPhase;
			buildActionMask = 2147483647;
			files = (
				6B2B95651F5D4B2A00A16EFF /* rumiUITests.swift in Sources */,
			);
			runOnlyForDeploymentPostprocessing = 0;
		};
/* End PBXSourcesBuildPhase section */

/* Begin PBXTargetDependency section */
		6B2B95571F5D4B2A00A16EFF /* PBXTargetDependency */ = {
			isa = PBXTargetDependency;
			target = 6B2B95401F5D4B2A00A16EFF /* rumi */;
			targetProxy = 6B2B95561F5D4B2A00A16EFF /* PBXContainerItemProxy */;
		};
		6B2B95621F5D4B2A00A16EFF /* PBXTargetDependency */ = {
			isa = PBXTargetDependency;
			target = 6B2B95401F5D4B2A00A16EFF /* rumi */;
			targetProxy = 6B2B95611F5D4B2A00A16EFF /* PBXContainerItemProxy */;
		};
/* End PBXTargetDependency section */

/* Begin PBXVariantGroup section */
		6B2B95481F5D4B2A00A16EFF /* Main.storyboard */ = {
			isa = PBXVariantGroup;
			children = (
				6B2B95491F5D4B2A00A16EFF /* Base */,
			);
			name = Main.storyboard;
			sourceTree = "<group>";
		};
		6B2B954D1F5D4B2A00A16EFF /* LaunchScreen.storyboard */ = {
			isa = PBXVariantGroup;
			children = (
				6B2B954E1F5D4B2A00A16EFF /* Base */,
			);
			name = LaunchScreen.storyboard;
			sourceTree = "<group>";
		};
/* End PBXVariantGroup section */

/* Begin XCBuildConfiguration section */
		6B2B95671F5D4B2A00A16EFF /* Debug */ = {
			isa = XCBuildConfiguration;
			buildSettings = {
				ALWAYS_SEARCH_USER_PATHS = NO;
				CLANG_ANALYZER_NONNULL = YES;
				CLANG_CXX_LANGUAGE_STANDARD = "gnu++0x";
				CLANG_CXX_LIBRARY = "libc++";
				CLANG_ENABLE_MODULES = YES;
				CLANG_ENABLE_OBJC_ARC = YES;
				CLANG_WARN_BOOL_CONVERSION = YES;
				CLANG_WARN_CONSTANT_CONVERSION = YES;
				CLANG_WARN_DIRECT_OBJC_ISA_USAGE = YES_ERROR;
				CLANG_WARN_DOCUMENTATION_COMMENTS = YES;
				CLANG_WARN_EMPTY_BODY = YES;
				CLANG_WARN_ENUM_CONVERSION = YES;
				CLANG_WARN_INFINITE_RECURSION = YES;
				CLANG_WARN_INT_CONVERSION = YES;
				CLANG_WARN_OBJC_ROOT_CLASS = YES_ERROR;
				CLANG_WARN_SUSPICIOUS_MOVE = YES;
				CLANG_WARN_UNREACHABLE_CODE = YES;
				CLANG_WARN__DUPLICATE_METHOD_MATCH = YES;
				"CODE_SIGN_IDENTITY[sdk=iphoneos*]" = "iPhone Developer";
				COPY_PHASE_STRIP = NO;
				DEBUG_INFORMATION_FORMAT = dwarf;
				ENABLE_STRICT_OBJC_MSGSEND = YES;
				ENABLE_TESTABILITY = YES;
				GCC_C_LANGUAGE_STANDARD = gnu99;
				GCC_DYNAMIC_NO_PIC = NO;
				GCC_NO_COMMON_BLOCKS = YES;
				GCC_OPTIMIZATION_LEVEL = 0;
				GCC_PREPROCESSOR_DEFINITIONS = (
					"DEBUG=1",
					"$(inherited)",
				);
				GCC_WARN_64_TO_32_BIT_CONVERSION = YES;
				GCC_WARN_ABOUT_RETURN_TYPE = YES_ERROR;
				GCC_WARN_UNDECLARED_SELECTOR = YES;
				GCC_WARN_UNINITIALIZED_AUTOS = YES_AGGRESSIVE;
				GCC_WARN_UNUSED_FUNCTION = YES;
				GCC_WARN_UNUSED_VARIABLE = YES;
				IPHONEOS_DEPLOYMENT_TARGET = 10.2;
				MTL_ENABLE_DEBUG_INFO = YES;
				ONLY_ACTIVE_ARCH = YES;
				SDKROOT = iphoneos;
				SWIFT_ACTIVE_COMPILATION_CONDITIONS = DEBUG;
				SWIFT_OPTIMIZATION_LEVEL = "-Onone";
				TARGETED_DEVICE_FAMILY = "1,2";
			};
			name = Debug;
		};
		6B2B95681F5D4B2A00A16EFF /* Release */ = {
			isa = XCBuildConfiguration;
			buildSettings = {
				ALWAYS_SEARCH_USER_PATHS = NO;
				CLANG_ANALYZER_NONNULL = YES;
				CLANG_CXX_LANGUAGE_STANDARD = "gnu++0x";
				CLANG_CXX_LIBRARY = "libc++";
				CLANG_ENABLE_MODULES = YES;
				CLANG_ENABLE_OBJC_ARC = YES;
				CLANG_WARN_BOOL_CONVERSION = YES;
				CLANG_WARN_CONSTANT_CONVERSION = YES;
				CLANG_WARN_DIRECT_OBJC_ISA_USAGE = YES_ERROR;
				CLANG_WARN_DOCUMENTATION_COMMENTS = YES;
				CLANG_WARN_EMPTY_BODY = YES;
				CLANG_WARN_ENUM_CONVERSION = YES;
				CLANG_WARN_INFINITE_RECURSION = YES;
				CLANG_WARN_INT_CONVERSION = YES;
				CLANG_WARN_OBJC_ROOT_CLASS = YES_ERROR;
				CLANG_WARN_SUSPICIOUS_MOVE = YES;
				CLANG_WARN_UNREACHABLE_CODE = YES;
				CLANG_WARN__DUPLICATE_METHOD_MATCH = YES;
				"CODE_SIGN_IDENTITY[sdk=iphoneos*]" = "iPhone Developer";
				COPY_PHASE_STRIP = NO;
				DEBUG_INFORMATION_FORMAT = "dwarf-with-dsym";
				ENABLE_NS_ASSERTIONS = NO;
				ENABLE_STRICT_OBJC_MSGSEND = YES;
				GCC_C_LANGUAGE_STANDARD = gnu99;
				GCC_NO_COMMON_BLOCKS = YES;
				GCC_WARN_64_TO_32_BIT_CONVERSION = YES;
				GCC_WARN_ABOUT_RETURN_TYPE = YES_ERROR;
				GCC_WARN_UNDECLARED_SELECTOR = YES;
				GCC_WARN_UNINITIALIZED_AUTOS = YES_AGGRESSIVE;
				GCC_WARN_UNUSED_FUNCTION = YES;
				GCC_WARN_UNUSED_VARIABLE = YES;
				IPHONEOS_DEPLOYMENT_TARGET = 10.2;
				MTL_ENABLE_DEBUG_INFO = NO;
				SDKROOT = iphoneos;
				SWIFT_OPTIMIZATION_LEVEL = "-Owholemodule";
				TARGETED_DEVICE_FAMILY = "1,2";
				VALIDATE_PRODUCT = YES;
			};
			name = Release;
		};
		6B2B956A1F5D4B2A00A16EFF /* Debug */ = {
			isa = XCBuildConfiguration;
			buildSettings = {
				ASSETCATALOG_COMPILER_APPICON_NAME = AppIcon;
				INFOPLIST_FILE = rumi/Info.plist;
				LD_RUNPATH_SEARCH_PATHS = "$(inherited) @executable_path/Frameworks";
				PRODUCT_BUNDLE_IDENTIFIER = Kuya.rumi;
				PRODUCT_NAME = "$(TARGET_NAME)";
				SWIFT_VERSION = 3.0;
			};
			name = Debug;
		};
		6B2B956B1F5D4B2A00A16EFF /* Release */ = {
			isa = XCBuildConfiguration;
			buildSettings = {
				ASSETCATALOG_COMPILER_APPICON_NAME = AppIcon;
				INFOPLIST_FILE = rumi/Info.plist;
				LD_RUNPATH_SEARCH_PATHS = "$(inherited) @executable_path/Frameworks";
				PRODUCT_BUNDLE_IDENTIFIER = Kuya.rumi;
				PRODUCT_NAME = "$(TARGET_NAME)";
				SWIFT_VERSION = 3.0;
			};
			name = Release;
		};
		6B2B956D1F5D4B2A00A16EFF /* Debug */ = {
			isa = XCBuildConfiguration;
			buildSettings = {
				ALWAYS_EMBED_SWIFT_STANDARD_LIBRARIES = YES;
				BUNDLE_LOADER = "$(TEST_HOST)";
				INFOPLIST_FILE = rumiTests/Info.plist;
				LD_RUNPATH_SEARCH_PATHS = "$(inherited) @executable_path/Frameworks @loader_path/Frameworks";
				PRODUCT_BUNDLE_IDENTIFIER = Kuya.rumiTests;
				PRODUCT_NAME = "$(TARGET_NAME)";
				SWIFT_VERSION = 3.0;
				TEST_HOST = "$(BUILT_PRODUCTS_DIR)/rumi.app/rumi";
			};
			name = Debug;
		};
		6B2B956E1F5D4B2A00A16EFF /* Release */ = {
			isa = XCBuildConfiguration;
			buildSettings = {
				ALWAYS_EMBED_SWIFT_STANDARD_LIBRARIES = YES;
				BUNDLE_LOADER = "$(TEST_HOST)";
				INFOPLIST_FILE = rumiTests/Info.plist;
				LD_RUNPATH_SEARCH_PATHS = "$(inherited) @executable_path/Frameworks @loader_path/Frameworks";
				PRODUCT_BUNDLE_IDENTIFIER = Kuya.rumiTests;
				PRODUCT_NAME = "$(TARGET_NAME)";
				SWIFT_VERSION = 3.0;
				TEST_HOST = "$(BUILT_PRODUCTS_DIR)/rumi.app/rumi";
			};
			name = Release;
		};
		6B2B95701F5D4B2A00A16EFF /* Debug */ = {
			isa = XCBuildConfiguration;
			buildSettings = {
				ALWAYS_EMBED_SWIFT_STANDARD_LIBRARIES = YES;
				INFOPLIST_FILE = rumiUITests/Info.plist;
				LD_RUNPATH_SEARCH_PATHS = "$(inherited) @executable_path/Frameworks @loader_path/Frameworks";
				PRODUCT_BUNDLE_IDENTIFIER = Kuya.rumiUITests;
				PRODUCT_NAME = "$(TARGET_NAME)";
				SWIFT_VERSION = 3.0;
				TEST_TARGET_NAME = rumi;
			};
			name = Debug;
		};
		6B2B95711F5D4B2A00A16EFF /* Release */ = {
			isa = XCBuildConfiguration;
			buildSettings = {
				ALWAYS_EMBED_SWIFT_STANDARD_LIBRARIES = YES;
				INFOPLIST_FILE = rumiUITests/Info.plist;
				LD_RUNPATH_SEARCH_PATHS = "$(inherited) @executable_path/Frameworks @loader_path/Frameworks";
				PRODUCT_BUNDLE_IDENTIFIER = Kuya.rumiUITests;
				PRODUCT_NAME = "$(TARGET_NAME)";
				SWIFT_VERSION = 3.0;
				TEST_TARGET_NAME = rumi;
			};
			name = Release;
		};
/* End XCBuildConfiguration section */

/* Begin XCConfigurationList section */
		6B2B953C1F5D4B2A00A16EFF /* Build configuration list for PBXProject "rumi" */ = {
			isa = XCConfigurationList;
			buildConfigurations = (
				6B2B95671F5D4B2A00A16EFF /* Debug */,
				6B2B95681F5D4B2A00A16EFF /* Release */,
			);
			defaultConfigurationIsVisible = 0;
			defaultConfigurationName = Release;
		};
		6B2B95691F5D4B2A00A16EFF /* Build configuration list for PBXNativeTarget "rumi" */ = {
			isa = XCConfigurationList;
			buildConfigurations = (
				6B2B956A1F5D4B2A00A16EFF /* Debug */,
				6B2B956B1F5D4B2A00A16EFF /* Release */,
			);
			defaultConfigurationIsVisible = 0;
		};
		6B2B956C1F5D4B2A00A16EFF /* Build configuration list for PBXNativeTarget "rumiTests" */ = {
			isa = XCConfigurationList;
			buildConfigurations = (
				6B2B956D1F5D4B2A00A16EFF /* Debug */,
				6B2B956E1F5D4B2A00A16EFF /* Release */,
			);
			defaultConfigurationIsVisible = 0;
		};
		6B2B956F1F5D4B2A00A16EFF /* Build configuration list for PBXNativeTarget "rumiUITests" */ = {
			isa = XCConfigurationList;
			buildConfigurations = (
				6B2B95701F5D4B2A00A16EFF /* Debug */,
				6B2B95711F5D4B2A00A16EFF /* Release */,
			);
			defaultConfigurationIsVisible = 0;
		};
/* End XCConfigurationList section */
	};
	rootObject = 6B2B95391F5D4B2A00A16EFF /* Project object */;
}
